PODS:
  - DateToolsSwift (2.0.3)
  - IQKeyboardManagerSwift (4.0.8)
  - Nimble (7.0.0)
  - Quick (1.1.0)
  - Realm (2.7.0):
    - Realm/Headers (= 2.7.0)
  - Realm/Headers (2.7.0)
  - RealmSwift (2.7.0):
    - Realm (= 2.7.0)
  - UIColor_Hex_Swift (3.0.2)

DEPENDENCIES:
  - DateToolsSwift
  - IQKeyboardManagerSwift (= 4.0.8)
  - Nimble
  - Quick
  - RealmSwift
  - UIColor_Hex_Swift (~> 3.0.2)

SPEC CHECKSUMS:
  DateToolsSwift: bf69bf9056d9e53c5c03f06e51f219b9b8b02f9e
  IQKeyboardManagerSwift: c04bc9f68473823f825eb44d958fce98d921bead
  Nimble: 874982b605d4d752fcac6be695d13c502de84b1b
  Quick: dafc587e21eed9f4cab3249b9f9015b0b7a7f71d
  Realm: 07e5d3a9e0e41d65fd5f9f05150ed6295d0f093b
  RealmSwift: 6d06425d3900c86473c4f323bf6949b43fca22bc
  UIColor_Hex_Swift: 95f718452092a3efc8a827dffd2c04d3237be02d

PODFILE CHECKSUM: 5c7a0b9024cfccbe6382d6000f44aed6f322179c

COCOAPODS: 1.2.1
