// !$*UTF8*$!
{
	archiveVersion = 1;
	classes = {
	};
	objectVersion = 46;
	objects = {

/* Begin PBXBuildFile section */
		5F05B98E1E713EAA00D81D20 /* MomentFactories.swift in Sources */ = {isa = PBXBuildFile; fileRef = 5F05B98D1E713EAA00D81D20 /* MomentFactories.swift */; };
		5F05B9911E7152C100D81D20 /* MomentRepositoryProtocol.swift in Sources */ = {isa = PBXBuildFile; fileRef = 5F05B98F1E7152C000D81D20 /* MomentRepositoryProtocol.swift */; };
		5F05B9921E7152C100D81D20 /* MomentsViewModel.swift in Sources */ = {isa = PBXBuildFile; fileRef = 5F05B9901E7152C100D81D20 /* MomentsViewModel.swift */; };
		5F05B9971E71530B00D81D20 /* MomentsViewModelSpec.swift in Sources */ = {isa = PBXBuildFile; fileRef = 5F05B9961E71530B00D81D20 /* MomentsViewModelSpec.swift */; };
		5F05B99A1E71539100D81D20 /* MomentRepositorySpec.swift in Sources */ = {isa = PBXBuildFile; fileRef = 5F05B9991E71539100D81D20 /* MomentRepositorySpec.swift */; };
		5F05B99C1E71543C00D81D20 /* MomentRepository.swift in Sources */ = {isa = PBXBuildFile; fileRef = 5F05B99B1E71543C00D81D20 /* MomentRepository.swift */; };
		5F0DD0F41D70050100E63FF2 /* DateTools.framework in Frameworks */ = {isa = PBXBuildFile; fileRef = 5F0DD0F31D70050100E63FF2 /* DateTools.framework */; };
		5F0DD0F71D700A0900E63FF2 /* BirthdayHelper.swift in Sources */ = {isa = PBXBuildFile; fileRef = 5F0DD0F61D700A0900E63FF2 /* BirthdayHelper.swift */; };
		5F64D7821E693E9500308160 /* MomentViewModel.swift in Sources */ = {isa = PBXBuildFile; fileRef = 5F64D7811E693E9500308160 /* MomentViewModel.swift */; };
		5F64D7851E693ECF00308160 /* MomentViewModelSpec.swift in Sources */ = {isa = PBXBuildFile; fileRef = 5F64D7841E693ECF00308160 /* MomentViewModelSpec.swift */; };
		5F66452D1D78730500E25CB1 /* BabyProfile.swift in Sources */ = {isa = PBXBuildFile; fileRef = 5F66452C1D78730500E25CB1 /* BabyProfile.swift */; };
		5F6645301D78F32800E25CB1 /* Realm.framework in Frameworks */ = {isa = PBXBuildFile; fileRef = 5F66452E1D78F2E700E25CB1 /* Realm.framework */; };
		5F6645321D78F32800E25CB1 /* RealmSwift.framework in Frameworks */ = {isa = PBXBuildFile; fileRef = 5F6645311D78F32800E25CB1 /* RealmSwift.framework */; };
		5F787CB21E6539370069982A /* Nimble.framework in Copy Files */ = {isa = PBXBuildFile; fileRef = 5F787CB01E6539370069982A /* Nimble.framework */; settings = {ATTRIBUTES = (CodeSignOnCopy, RemoveHeadersOnCopy, ); }; };
		5F787CB31E6539370069982A /* Quick.framework in Copy Files */ = {isa = PBXBuildFile; fileRef = 5F787CB11E6539370069982A /* Quick.framework */; settings = {ATTRIBUTES = (CodeSignOnCopy, RemoveHeadersOnCopy, ); }; };
		5F787CB51E653F2D0069982A /* BirthdayHelperSpec.swift in Sources */ = {isa = PBXBuildFile; fileRef = 5F787CB41E653F2D0069982A /* BirthdayHelperSpec.swift */; };
		5F787CB71E654A3E0069982A /* BabyProfileSpec.swift in Sources */ = {isa = PBXBuildFile; fileRef = 5F787CB61E654A3E0069982A /* BabyProfileSpec.swift */; };
		5FB288A91D7B107700DF386A /* Moment.swift in Sources */ = {isa = PBXBuildFile; fileRef = 5FB288A81D7B107700DF386A /* Moment.swift */; };
		937F2F0D1D747FBE00232E52 /* DateTools.bundle in Resources */ = {isa = PBXBuildFile; fileRef = 937F2F0C1D747FBE00232E52 /* DateTools.bundle */; };
		D0ADE0541D6E92200079AE3C /* XLPhotoViewController.swift in Sources */ = {isa = PBXBuildFile; fileRef = D0ADE0531D6E92200079AE3C /* XLPhotoViewController.swift */; };
		D0ADE0561D6E94A20079AE3C /* XLPhotoCell.swift in Sources */ = {isa = PBXBuildFile; fileRef = D0ADE0551D6E94A20079AE3C /* XLPhotoCell.swift */; };
		D0ADE0581D6E96F00079AE3C /* XLPhotoFooterView.swift in Sources */ = {isa = PBXBuildFile; fileRef = D0ADE0571D6E96F00079AE3C /* XLPhotoFooterView.swift */; };
		D0ADE05F1D6ED76F0079AE3C /* Images.xcassets in Resources */ = {isa = PBXBuildFile; fileRef = D0ADE05E1D6ED76F0079AE3C /* Images.xcassets */; };
		D0ADE0611D6EDEAD0079AE3C /* HEXColor.framework in Frameworks */ = {isa = PBXBuildFile; fileRef = D0ADE0601D6EDEAD0079AE3C /* HEXColor.framework */; };
		D0ADE0A61D6EEC7F0079AE3C /* IQNSArray+Sort.swift in Sources */ = {isa = PBXBuildFile; fileRef = D0ADE0901D6EEC7F0079AE3C /* IQNSArray+Sort.swift */; };
		D0ADE0A71D6EEC7F0079AE3C /* IQUIScrollView+Additions.swift in Sources */ = {isa = PBXBuildFile; fileRef = D0ADE0911D6EEC7F0079AE3C /* IQUIScrollView+Additions.swift */; };
		D0ADE0A81D6EEC7F0079AE3C /* IQUITextFieldView+Additions.swift in Sources */ = {isa = PBXBuildFile; fileRef = D0ADE0921D6EEC7F0079AE3C /* IQUITextFieldView+Additions.swift */; };
		D0ADE0A91D6EEC7F0079AE3C /* IQUIView+Hierarchy.swift in Sources */ = {isa = PBXBuildFile; fileRef = D0ADE0931D6EEC7F0079AE3C /* IQUIView+Hierarchy.swift */; };
		D0ADE0AA1D6EEC7F0079AE3C /* IQUIViewController+Additions.swift in Sources */ = {isa = PBXBuildFile; fileRef = D0ADE0941D6EEC7F0079AE3C /* IQUIViewController+Additions.swift */; };
		D0ADE0AB1D6EEC7F0079AE3C /* IQUIWindow+Hierarchy.swift in Sources */ = {isa = PBXBuildFile; fileRef = D0ADE0951D6EEC7F0079AE3C /* IQUIWindow+Hierarchy.swift */; };
		D0ADE0AC1D6EEC7F0079AE3C /* IQKeyboardManagerConstants.swift in Sources */ = {isa = PBXBuildFile; fileRef = D0ADE0971D6EEC7F0079AE3C /* IQKeyboardManagerConstants.swift */; };
		D0ADE0AD1D6EEC7F0079AE3C /* IQKeyboardManagerConstantsInternal.swift in Sources */ = {isa = PBXBuildFile; fileRef = D0ADE0981D6EEC7F0079AE3C /* IQKeyboardManagerConstantsInternal.swift */; };
		D0ADE0AE1D6EEC7F0079AE3C /* IQKeyboardManager.swift in Sources */ = {isa = PBXBuildFile; fileRef = D0ADE0991D6EEC7F0079AE3C /* IQKeyboardManager.swift */; };
		D0ADE0AF1D6EEC7F0079AE3C /* IQKeyboardReturnKeyHandler.swift in Sources */ = {isa = PBXBuildFile; fileRef = D0ADE09B1D6EEC7F0079AE3C /* IQKeyboardReturnKeyHandler.swift */; };
		D0ADE0B01D6EEC7F0079AE3C /* IQTextView.swift in Sources */ = {isa = PBXBuildFile; fileRef = D0ADE09D1D6EEC7F0079AE3C /* IQTextView.swift */; };
		D0ADE0B11D6EEC7F0079AE3C /* IQBarButtonItem.swift in Sources */ = {isa = PBXBuildFile; fileRef = D0ADE09F1D6EEC7F0079AE3C /* IQBarButtonItem.swift */; };
		D0ADE0B21D6EEC7F0079AE3C /* IQPreviousNextView.swift in Sources */ = {isa = PBXBuildFile; fileRef = D0ADE0A01D6EEC7F0079AE3C /* IQPreviousNextView.swift */; };
		D0ADE0B31D6EEC7F0079AE3C /* IQTitleBarButtonItem.swift in Sources */ = {isa = PBXBuildFile; fileRef = D0ADE0A11D6EEC7F0079AE3C /* IQTitleBarButtonItem.swift */; };
		D0ADE0B41D6EEC7F0079AE3C /* IQToolbar.swift in Sources */ = {isa = PBXBuildFile; fileRef = D0ADE0A21D6EEC7F0079AE3C /* IQToolbar.swift */; };
		D0ADE0B51D6EEC7F0079AE3C /* IQUIView+IQKeyboardToolbar.swift in Sources */ = {isa = PBXBuildFile; fileRef = D0ADE0A31D6EEC7F0079AE3C /* IQUIView+IQKeyboardToolbar.swift */; };
		D0ADE0B61D6EEC7F0079AE3C /* IQKeyboardManager.bundle in Resources */ = {isa = PBXBuildFile; fileRef = D0ADE0A51D6EEC7F0079AE3C /* IQKeyboardManager.bundle */; };
		D0ADE0B81D6F24C50079AE3C /* ChooseGenderViewController.swift in Sources */ = {isa = PBXBuildFile; fileRef = D0ADE0B71D6F24C50079AE3C /* ChooseGenderViewController.swift */; };
		D0ADE0BA1D6F25AA0079AE3C /* ChooseBirthdayViewController.swift in Sources */ = {isa = PBXBuildFile; fileRef = D0ADE0B91D6F25AA0079AE3C /* ChooseBirthdayViewController.swift */; };
		D0ADE0BC1D6FE1580079AE3C /* InputNameViewController.swift in Sources */ = {isa = PBXBuildFile; fileRef = D0ADE0BB1D6FE1580079AE3C /* InputNameViewController.swift */; };
		D0C90F381D6D489800D53A57 /* AppDelegate.swift in Sources */ = {isa = PBXBuildFile; fileRef = D0C90F371D6D489800D53A57 /* AppDelegate.swift */; };
		D0C90F3A1D6D489800D53A57 /* ViewController.swift in Sources */ = {isa = PBXBuildFile; fileRef = D0C90F391D6D489800D53A57 /* ViewController.swift */; };
		D0C90F3D1D6D489800D53A57 /* Main.storyboard in Resources */ = {isa = PBXBuildFile; fileRef = D0C90F3B1D6D489800D53A57 /* Main.storyboard */; };
		D0C90F3F1D6D489800D53A57 /* Assets.xcassets in Resources */ = {isa = PBXBuildFile; fileRef = D0C90F3E1D6D489800D53A57 /* Assets.xcassets */; };
		D0C90F421D6D489800D53A57 /* LaunchScreen.storyboard in Resources */ = {isa = PBXBuildFile; fileRef = D0C90F401D6D489800D53A57 /* LaunchScreen.storyboard */; };
		D0C90F5D1D6D722400D53A57 /* SingleMomentCell.swift in Sources */ = {isa = PBXBuildFile; fileRef = D0C90F5C1D6D722400D53A57 /* SingleMomentCell.swift */; };
		D0C90F601D6D778700D53A57 /* XLPhotoManager.storyboard in Resources */ = {isa = PBXBuildFile; fileRef = D0C90F5F1D6D778700D53A57 /* XLPhotoManager.storyboard */; };
		D0C90F641D6D7D5E00D53A57 /* XLAlbumCell.swift in Sources */ = {isa = PBXBuildFile; fileRef = D0C90F631D6D7D5E00D53A57 /* XLAlbumCell.swift */; };
		D0C90F661D6D7D9C00D53A57 /* XLAlbumViewController.swift in Sources */ = {isa = PBXBuildFile; fileRef = D0C90F651D6D7D9C00D53A57 /* XLAlbumViewController.swift */; };
		D0C90F691D6D823600D53A57 /* XLAlbumItem.swift in Sources */ = {isa = PBXBuildFile; fileRef = D0C90F681D6D823600D53A57 /* XLAlbumItem.swift */; };
/* End PBXBuildFile section */

/* Begin PBXContainerItemProxy section */
		D0C90F491D6D489900D53A57 /* PBXContainerItemProxy */ = {
			isa = PBXContainerItemProxy;
			containerPortal = D0C90F2C1D6D489800D53A57 /* Project object */;
			proxyType = 1;
			remoteGlobalIDString = D0C90F331D6D489800D53A57;
			remoteInfo = BabyMoment;
		};
/* End PBXContainerItemProxy section */

/* Begin PBXCopyFilesBuildPhase section */
		5F787CAF1E651F8C0069982A /* Copy Files */ = {
			isa = PBXCopyFilesBuildPhase;
			buildActionMask = 2147483647;
			dstPath = "";
			dstSubfolderSpec = 10;
			files = (
				5F787CB21E6539370069982A /* Nimble.framework in Copy Files */,
				5F787CB31E6539370069982A /* Quick.framework in Copy Files */,
			);
			name = "Copy Files";
			runOnlyForDeploymentPostprocessing = 0;
		};
/* End PBXCopyFilesBuildPhase section */

/* Begin PBXFileReference section */
		5F05B98D1E713EAA00D81D20 /* MomentFactories.swift */ = {isa = PBXFileReference; fileEncoding = 4; lastKnownFileType = sourcecode.swift; path = MomentFactories.swift; sourceTree = "<group>"; };
		5F05B98F1E7152C000D81D20 /* MomentRepositoryProtocol.swift */ = {isa = PBXFileReference; fileEncoding = 4; lastKnownFileType = sourcecode.swift; path = MomentRepositoryProtocol.swift; sourceTree = "<group>"; };
		5F05B9901E7152C100D81D20 /* MomentsViewModel.swift */ = {isa = PBXFileReference; fileEncoding = 4; lastKnownFileType = sourcecode.swift; path = MomentsViewModel.swift; sourceTree = "<group>"; };
		5F05B9961E71530B00D81D20 /* MomentsViewModelSpec.swift */ = {isa = PBXFileReference; fileEncoding = 4; lastKnownFileType = sourcecode.swift; path = MomentsViewModelSpec.swift; sourceTree = "<group>"; };
		5F05B9991E71539100D81D20 /* MomentRepositorySpec.swift */ = {isa = PBXFileReference; fileEncoding = 4; lastKnownFileType = sourcecode.swift; path = MomentRepositorySpec.swift; sourceTree = "<group>"; };
		5F05B99B1E71543C00D81D20 /* MomentRepository.swift */ = {isa = PBXFileReference; fileEncoding = 4; lastKnownFileType = sourcecode.swift; path = MomentRepository.swift; sourceTree = "<group>"; };
		5F0DD0F31D70050100E63FF2 /* DateTools.framework */ = {isa = PBXFileReference; lastKnownFileType = wrapper.framework; name = DateTools.framework; path = Carthage/Build/iOS/DateTools.framework; sourceTree = "<group>"; };
		5F0DD0F61D700A0900E63FF2 /* BirthdayHelper.swift */ = {isa = PBXFileReference; fileEncoding = 4; lastKnownFileType = sourcecode.swift; path = BirthdayHelper.swift; sourceTree = "<group>"; };
		5F64D7811E693E9500308160 /* MomentViewModel.swift */ = {isa = PBXFileReference; fileEncoding = 4; lastKnownFileType = sourcecode.swift; path = MomentViewModel.swift; sourceTree = "<group>"; };
		5F64D7841E693ECF00308160 /* MomentViewModelSpec.swift */ = {isa = PBXFileReference; fileEncoding = 4; lastKnownFileType = sourcecode.swift; path = MomentViewModelSpec.swift; sourceTree = "<group>"; };
		5F66452C1D78730500E25CB1 /* BabyProfile.swift */ = {isa = PBXFileReference; fileEncoding = 4; lastKnownFileType = sourcecode.swift; path = BabyProfile.swift; sourceTree = "<group>"; };
		5F66452E1D78F2E700E25CB1 /* Realm.framework */ = {isa = PBXFileReference; lastKnownFileType = wrapper.framework; name = Realm.framework; path = Carthage/Build/iOS/Realm.framework; sourceTree = "<group>"; };
		5F6645311D78F32800E25CB1 /* RealmSwift.framework */ = {isa = PBXFileReference; lastKnownFileType = wrapper.framework; name = RealmSwift.framework; path = Carthage/Build/iOS/RealmSwift.framework; sourceTree = "<group>"; };
		5F787CB01E6539370069982A /* Nimble.framework */ = {isa = PBXFileReference; lastKnownFileType = wrapper.framework; name = Nimble.framework; path = Carthage/Build/iOS/Nimble.framework; sourceTree = "<group>"; };
		5F787CB11E6539370069982A /* Quick.framework */ = {isa = PBXFileReference; lastKnownFileType = wrapper.framework; name = Quick.framework; path = Carthage/Build/iOS/Quick.framework; sourceTree = "<group>"; };
		5F787CB41E653F2D0069982A /* BirthdayHelperSpec.swift */ = {isa = PBXFileReference; fileEncoding = 4; lastKnownFileType = sourcecode.swift; path = BirthdayHelperSpec.swift; sourceTree = "<group>"; };
		5F787CB61E654A3E0069982A /* BabyProfileSpec.swift */ = {isa = PBXFileReference; fileEncoding = 4; lastKnownFileType = sourcecode.swift; path = BabyProfileSpec.swift; sourceTree = "<group>"; };
		5FB288A81D7B107700DF386A /* Moment.swift */ = {isa = PBXFileReference; fileEncoding = 4; lastKnownFileType = sourcecode.swift; path = Moment.swift; sourceTree = "<group>"; };
		937F2F0C1D747FBE00232E52 /* DateTools.bundle */ = {isa = PBXFileReference; lastKnownFileType = "wrapper.plug-in"; name = DateTools.bundle; path = Carthage/Checkouts/DateTools/DateTools/DateTools.bundle; sourceTree = "<group>"; };
		D0ADE0531D6E92200079AE3C /* XLPhotoViewController.swift */ = {isa = PBXFileReference; fileEncoding = 4; lastKnownFileType = sourcecode.swift; path = XLPhotoViewController.swift; sourceTree = "<group>"; };
		D0ADE0551D6E94A20079AE3C /* XLPhotoCell.swift */ = {isa = PBXFileReference; fileEncoding = 4; lastKnownFileType = sourcecode.swift; path = XLPhotoCell.swift; sourceTree = "<group>"; };
		D0ADE0571D6E96F00079AE3C /* XLPhotoFooterView.swift */ = {isa = PBXFileReference; fileEncoding = 4; lastKnownFileType = sourcecode.swift; path = XLPhotoFooterView.swift; sourceTree = "<group>"; };
		D0ADE05E1D6ED76F0079AE3C /* Images.xcassets */ = {isa = PBXFileReference; lastKnownFileType = folder.assetcatalog; path = Images.xcassets; sourceTree = "<group>"; };
		D0ADE0601D6EDEAD0079AE3C /* HEXColor.framework */ = {isa = PBXFileReference; lastKnownFileType = wrapper.framework; name = HEXColor.framework; path = Carthage/Build/iOS/HEXColor.framework; sourceTree = "<group>"; };
		D0ADE0901D6EEC7F0079AE3C /* IQNSArray+Sort.swift */ = {isa = PBXFileReference; fileEncoding = 4; lastKnownFileType = sourcecode.swift; path = "IQNSArray+Sort.swift"; sourceTree = "<group>"; };
		D0ADE0911D6EEC7F0079AE3C /* IQUIScrollView+Additions.swift */ = {isa = PBXFileReference; fileEncoding = 4; lastKnownFileType = sourcecode.swift; path = "IQUIScrollView+Additions.swift"; sourceTree = "<group>"; };
		D0ADE0921D6EEC7F0079AE3C /* IQUITextFieldView+Additions.swift */ = {isa = PBXFileReference; fileEncoding = 4; lastKnownFileType = sourcecode.swift; path = "IQUITextFieldView+Additions.swift"; sourceTree = "<group>"; };
		D0ADE0931D6EEC7F0079AE3C /* IQUIView+Hierarchy.swift */ = {isa = PBXFileReference; fileEncoding = 4; lastKnownFileType = sourcecode.swift; path = "IQUIView+Hierarchy.swift"; sourceTree = "<group>"; };
		D0ADE0941D6EEC7F0079AE3C /* IQUIViewController+Additions.swift */ = {isa = PBXFileReference; fileEncoding = 4; lastKnownFileType = sourcecode.swift; path = "IQUIViewController+Additions.swift"; sourceTree = "<group>"; };
		D0ADE0951D6EEC7F0079AE3C /* IQUIWindow+Hierarchy.swift */ = {isa = PBXFileReference; fileEncoding = 4; lastKnownFileType = sourcecode.swift; path = "IQUIWindow+Hierarchy.swift"; sourceTree = "<group>"; };
		D0ADE0971D6EEC7F0079AE3C /* IQKeyboardManagerConstants.swift */ = {isa = PBXFileReference; fileEncoding = 4; lastKnownFileType = sourcecode.swift; path = IQKeyboardManagerConstants.swift; sourceTree = "<group>"; };
		D0ADE0981D6EEC7F0079AE3C /* IQKeyboardManagerConstantsInternal.swift */ = {isa = PBXFileReference; fileEncoding = 4; lastKnownFileType = sourcecode.swift; path = IQKeyboardManagerConstantsInternal.swift; sourceTree = "<group>"; };
		D0ADE0991D6EEC7F0079AE3C /* IQKeyboardManager.swift */ = {isa = PBXFileReference; fileEncoding = 4; lastKnownFileType = sourcecode.swift; path = IQKeyboardManager.swift; sourceTree = "<group>"; };
		D0ADE09A1D6EEC7F0079AE3C /* IQKeyboardManagerSwift.h */ = {isa = PBXFileReference; fileEncoding = 4; lastKnownFileType = sourcecode.c.h; path = IQKeyboardManagerSwift.h; sourceTree = "<group>"; };
		D0ADE09B1D6EEC7F0079AE3C /* IQKeyboardReturnKeyHandler.swift */ = {isa = PBXFileReference; fileEncoding = 4; lastKnownFileType = sourcecode.swift; path = IQKeyboardReturnKeyHandler.swift; sourceTree = "<group>"; };
		D0ADE09D1D6EEC7F0079AE3C /* IQTextView.swift */ = {isa = PBXFileReference; fileEncoding = 4; lastKnownFileType = sourcecode.swift; path = IQTextView.swift; sourceTree = "<group>"; };
		D0ADE09F1D6EEC7F0079AE3C /* IQBarButtonItem.swift */ = {isa = PBXFileReference; fileEncoding = 4; lastKnownFileType = sourcecode.swift; path = IQBarButtonItem.swift; sourceTree = "<group>"; };
		D0ADE0A01D6EEC7F0079AE3C /* IQPreviousNextView.swift */ = {isa = PBXFileReference; fileEncoding = 4; lastKnownFileType = sourcecode.swift; path = IQPreviousNextView.swift; sourceTree = "<group>"; };
		D0ADE0A11D6EEC7F0079AE3C /* IQTitleBarButtonItem.swift */ = {isa = PBXFileReference; fileEncoding = 4; lastKnownFileType = sourcecode.swift; path = IQTitleBarButtonItem.swift; sourceTree = "<group>"; };
		D0ADE0A21D6EEC7F0079AE3C /* IQToolbar.swift */ = {isa = PBXFileReference; fileEncoding = 4; lastKnownFileType = sourcecode.swift; path = IQToolbar.swift; sourceTree = "<group>"; };
		D0ADE0A31D6EEC7F0079AE3C /* IQUIView+IQKeyboardToolbar.swift */ = {isa = PBXFileReference; fileEncoding = 4; lastKnownFileType = sourcecode.swift; path = "IQUIView+IQKeyboardToolbar.swift"; sourceTree = "<group>"; };
		D0ADE0A51D6EEC7F0079AE3C /* IQKeyboardManager.bundle */ = {isa = PBXFileReference; lastKnownFileType = "wrapper.plug-in"; path = IQKeyboardManager.bundle; sourceTree = "<group>"; };
		D0ADE0B71D6F24C50079AE3C /* ChooseGenderViewController.swift */ = {isa = PBXFileReference; fileEncoding = 4; lastKnownFileType = sourcecode.swift; path = ChooseGenderViewController.swift; sourceTree = "<group>"; };
		D0ADE0B91D6F25AA0079AE3C /* ChooseBirthdayViewController.swift */ = {isa = PBXFileReference; fileEncoding = 4; lastKnownFileType = sourcecode.swift; path = ChooseBirthdayViewController.swift; sourceTree = "<group>"; };
		D0ADE0BB1D6FE1580079AE3C /* InputNameViewController.swift */ = {isa = PBXFileReference; fileEncoding = 4; lastKnownFileType = sourcecode.swift; path = InputNameViewController.swift; sourceTree = "<group>"; };
		D0C90F341D6D489800D53A57 /* BabyMoment.app */ = {isa = PBXFileReference; explicitFileType = wrapper.application; includeInIndex = 0; path = BabyMoment.app; sourceTree = BUILT_PRODUCTS_DIR; };
		D0C90F371D6D489800D53A57 /* AppDelegate.swift */ = {isa = PBXFileReference; lastKnownFileType = sourcecode.swift; path = AppDelegate.swift; sourceTree = "<group>"; };
		D0C90F391D6D489800D53A57 /* ViewController.swift */ = {isa = PBXFileReference; lastKnownFileType = sourcecode.swift; path = ViewController.swift; sourceTree = "<group>"; };
		D0C90F3C1D6D489800D53A57 /* Base */ = {isa = PBXFileReference; lastKnownFileType = file.storyboard; name = Base; path = Base.lproj/Main.storyboard; sourceTree = "<group>"; };
		D0C90F3E1D6D489800D53A57 /* Assets.xcassets */ = {isa = PBXFileReference; lastKnownFileType = folder.assetcatalog; path = Assets.xcassets; sourceTree = "<group>"; };
		D0C90F411D6D489800D53A57 /* Base */ = {isa = PBXFileReference; lastKnownFileType = file.storyboard; name = Base; path = Base.lproj/LaunchScreen.storyboard; sourceTree = "<group>"; };
		D0C90F431D6D489800D53A57 /* Info.plist */ = {isa = PBXFileReference; lastKnownFileType = text.plist.xml; path = Info.plist; sourceTree = "<group>"; };
		D0C90F481D6D489900D53A57 /* BabyMomentTests.xctest */ = {isa = PBXFileReference; explicitFileType = wrapper.cfbundle; includeInIndex = 0; path = BabyMomentTests.xctest; sourceTree = BUILT_PRODUCTS_DIR; };
		D0C90F4E1D6D489900D53A57 /* Info.plist */ = {isa = PBXFileReference; lastKnownFileType = text.plist.xml; path = Info.plist; sourceTree = "<group>"; };
		D0C90F5C1D6D722400D53A57 /* SingleMomentCell.swift */ = {isa = PBXFileReference; fileEncoding = 4; lastKnownFileType = sourcecode.swift; path = SingleMomentCell.swift; sourceTree = "<group>"; };
		D0C90F5F1D6D778700D53A57 /* XLPhotoManager.storyboard */ = {isa = PBXFileReference; fileEncoding = 4; lastKnownFileType = file.storyboard; path = XLPhotoManager.storyboard; sourceTree = "<group>"; };
		D0C90F631D6D7D5E00D53A57 /* XLAlbumCell.swift */ = {isa = PBXFileReference; fileEncoding = 4; lastKnownFileType = sourcecode.swift; path = XLAlbumCell.swift; sourceTree = "<group>"; };
		D0C90F651D6D7D9C00D53A57 /* XLAlbumViewController.swift */ = {isa = PBXFileReference; fileEncoding = 4; lastKnownFileType = sourcecode.swift; path = XLAlbumViewController.swift; sourceTree = "<group>"; };
		D0C90F681D6D823600D53A57 /* XLAlbumItem.swift */ = {isa = PBXFileReference; fileEncoding = 4; lastKnownFileType = sourcecode.swift; path = XLAlbumItem.swift; sourceTree = "<group>"; };
/* End PBXFileReference section */

/* Begin PBXFrameworksBuildPhase section */
		D0C90F311D6D489800D53A57 /* Frameworks */ = {
			isa = PBXFrameworksBuildPhase;
			buildActionMask = 2147483647;
			files = (
				5F6645321D78F32800E25CB1 /* RealmSwift.framework in Frameworks */,
				5F6645301D78F32800E25CB1 /* Realm.framework in Frameworks */,
				5F0DD0F41D70050100E63FF2 /* DateTools.framework in Frameworks */,
				D0ADE0611D6EDEAD0079AE3C /* HEXColor.framework in Frameworks */,
			);
			runOnlyForDeploymentPostprocessing = 0;
		};
		D0C90F451D6D489900D53A57 /* Frameworks */ = {
			isa = PBXFrameworksBuildPhase;
			buildActionMask = 2147483647;
			files = (
			);
			runOnlyForDeploymentPostprocessing = 0;
		};
/* End PBXFrameworksBuildPhase section */

/* Begin PBXGroup section */
		5F05B98C1E713E9A00D81D20 /* Factories */ = {
			isa = PBXGroup;
			children = (
				5F05B98D1E713EAA00D81D20 /* MomentFactories.swift */,
			);
			name = Factories;
			sourceTree = "<group>";
		};
		5F05B9941E7152D500D81D20 /* Repositories */ = {
			isa = PBXGroup;
			children = (
				5F05B9951E7152F300D81D20 /* Protocol */,
				5F05B99B1E71543C00D81D20 /* MomentRepository.swift */,
			);
			name = Repositories;
			sourceTree = "<group>";
		};
		5F05B9951E7152F300D81D20 /* Protocol */ = {
			isa = PBXGroup;
			children = (
				5F05B98F1E7152C000D81D20 /* MomentRepositoryProtocol.swift */,
			);
			name = Protocol;
			sourceTree = "<group>";
		};
		5F05B9981E71537500D81D20 /* Repositories */ = {
			isa = PBXGroup;
			children = (
				5F05B9991E71539100D81D20 /* MomentRepositorySpec.swift */,
			);
			name = Repositories;
			sourceTree = "<group>";
		};
		5F0DD0F51D7009A200E63FF2 /* Helpers */ = {
			isa = PBXGroup;
			children = (
				5F0DD0F61D700A0900E63FF2 /* BirthdayHelper.swift */,
			);
			name = Helpers;
			sourceTree = "<group>";
		};
		5F64D7801E693E5A00308160 /* ViewModel */ = {
			isa = PBXGroup;
			children = (
				5F64D7811E693E9500308160 /* MomentViewModel.swift */,
				5F05B9901E7152C100D81D20 /* MomentsViewModel.swift */,
			);
			name = ViewModel;
			sourceTree = "<group>";
		};
		5F64D7831E693EBE00308160 /* ViewModel */ = {
			isa = PBXGroup;
			children = (
				5F05B9961E71530B00D81D20 /* MomentsViewModelSpec.swift */,
				5F64D7841E693ECF00308160 /* MomentViewModelSpec.swift */,
			);
			name = ViewModel;
			sourceTree = "<group>";
		};
		5FA471FE1D7936FB008CA63C /* Model */ = {
			isa = PBXGroup;
			children = (
				5F787CB61E654A3E0069982A /* BabyProfileSpec.swift */,
			);
			name = Model;
			sourceTree = "<group>";
		};
		D0ADE05B1D6ED5F80079AE3C /* Model */ = {
			isa = PBXGroup;
			children = (
				5F66452C1D78730500E25CB1 /* BabyProfile.swift */,
				5FB288A81D7B107700DF386A /* Moment.swift */,
			);
			name = Model;
			sourceTree = "<group>";
		};
		D0ADE0641D6EDF100079AE3C /* Frameworks */ = {
			isa = PBXGroup;
			children = (
				5F6645311D78F32800E25CB1 /* RealmSwift.framework */,
				5F66452E1D78F2E700E25CB1 /* Realm.framework */,
				5F0DD0F31D70050100E63FF2 /* DateTools.framework */,
				D0ADE0601D6EDEAD0079AE3C /* HEXColor.framework */,
			);
			name = Frameworks;
			sourceTree = "<group>";
		};
		D0ADE0651D6EE9180079AE3C /* Vender */ = {
			isa = PBXGroup;
			children = (
				D0ADE08E1D6EEC7F0079AE3C /* IQKeyboardManagerSwift */,
			);
			path = Vender;
			sourceTree = "<group>";
		};
		D0ADE08E1D6EEC7F0079AE3C /* IQKeyboardManagerSwift */ = {
			isa = PBXGroup;
			children = (
				D0ADE08F1D6EEC7F0079AE3C /* Categories */,
				D0ADE0961D6EEC7F0079AE3C /* Constants */,
				D0ADE0991D6EEC7F0079AE3C /* IQKeyboardManager.swift */,
				D0ADE09A1D6EEC7F0079AE3C /* IQKeyboardManagerSwift.h */,
				D0ADE09B1D6EEC7F0079AE3C /* IQKeyboardReturnKeyHandler.swift */,
				D0ADE09C1D6EEC7F0079AE3C /* IQTextView */,
				D0ADE09E1D6EEC7F0079AE3C /* IQToolbar */,
				D0ADE0A41D6EEC7F0079AE3C /* Resources */,
			);
			path = IQKeyboardManagerSwift;
			sourceTree = "<group>";
		};
		D0ADE08F1D6EEC7F0079AE3C /* Categories */ = {
			isa = PBXGroup;
			children = (
				D0ADE0901D6EEC7F0079AE3C /* IQNSArray+Sort.swift */,
				D0ADE0911D6EEC7F0079AE3C /* IQUIScrollView+Additions.swift */,
				D0ADE0921D6EEC7F0079AE3C /* IQUITextFieldView+Additions.swift */,
				D0ADE0931D6EEC7F0079AE3C /* IQUIView+Hierarchy.swift */,
				D0ADE0941D6EEC7F0079AE3C /* IQUIViewController+Additions.swift */,
				D0ADE0951D6EEC7F0079AE3C /* IQUIWindow+Hierarchy.swift */,
			);
			path = Categories;
			sourceTree = "<group>";
		};
		D0ADE0961D6EEC7F0079AE3C /* Constants */ = {
			isa = PBXGroup;
			children = (
				D0ADE0971D6EEC7F0079AE3C /* IQKeyboardManagerConstants.swift */,
				D0ADE0981D6EEC7F0079AE3C /* IQKeyboardManagerConstantsInternal.swift */,
			);
			path = Constants;
			sourceTree = "<group>";
		};
		D0ADE09C1D6EEC7F0079AE3C /* IQTextView */ = {
			isa = PBXGroup;
			children = (
				D0ADE09D1D6EEC7F0079AE3C /* IQTextView.swift */,
			);
			path = IQTextView;
			sourceTree = "<group>";
		};
		D0ADE09E1D6EEC7F0079AE3C /* IQToolbar */ = {
			isa = PBXGroup;
			children = (
				D0ADE09F1D6EEC7F0079AE3C /* IQBarButtonItem.swift */,
				D0ADE0A01D6EEC7F0079AE3C /* IQPreviousNextView.swift */,
				D0ADE0A11D6EEC7F0079AE3C /* IQTitleBarButtonItem.swift */,
				D0ADE0A21D6EEC7F0079AE3C /* IQToolbar.swift */,
				D0ADE0A31D6EEC7F0079AE3C /* IQUIView+IQKeyboardToolbar.swift */,
			);
			path = IQToolbar;
			sourceTree = "<group>";
		};
		D0ADE0A41D6EEC7F0079AE3C /* Resources */ = {
			isa = PBXGroup;
			children = (
				D0ADE0A51D6EEC7F0079AE3C /* IQKeyboardManager.bundle */,
			);
			path = Resources;
			sourceTree = "<group>";
		};
		D0C90F2B1D6D489800D53A57 = {
			isa = PBXGroup;
			children = (
				5F787CB01E6539370069982A /* Nimble.framework */,
				5F787CB11E6539370069982A /* Quick.framework */,
				937F2F0C1D747FBE00232E52 /* DateTools.bundle */,
				D0ADE0641D6EDF100079AE3C /* Frameworks */,
				D0C90F361D6D489800D53A57 /* BabyMoment */,
				D0C90F4B1D6D489900D53A57 /* BabyMomentTests */,
				D0C90F351D6D489800D53A57 /* Products */,
			);
			sourceTree = "<group>";
		};
		D0C90F351D6D489800D53A57 /* Products */ = {
			isa = PBXGroup;
			children = (
				D0C90F341D6D489800D53A57 /* BabyMoment.app */,
				D0C90F481D6D489900D53A57 /* BabyMomentTests.xctest */,
			);
			name = Products;
			sourceTree = "<group>";
		};
		D0C90F361D6D489800D53A57 /* BabyMoment */ = {
			isa = PBXGroup;
			children = (
				5F05B9941E7152D500D81D20 /* Repositories */,
				5F64D7801E693E5A00308160 /* ViewModel */,
				5F0DD0F51D7009A200E63FF2 /* Helpers */,
				D0ADE0651D6EE9180079AE3C /* Vender */,
				D0ADE05B1D6ED5F80079AE3C /* Model */,
				D0C90F5E1D6D774B00D53A57 /* PhotoManager */,
				D0C90F5B1D6D720C00D53A57 /* Cell */,
				D0C90F5A1D6D48DC00D53A57 /* Assets */,
				D0C90F591D6D48D300D53A57 /* Controller */,
				D0C90F581D6D48CA00D53A57 /* Config */,
				D0C90F571D6D48BF00D53A57 /* View */,
				D0C90F371D6D489800D53A57 /* AppDelegate.swift */,
			);
			path = BabyMoment;
			sourceTree = "<group>";
		};
		D0C90F4B1D6D489900D53A57 /* BabyMomentTests */ = {
			isa = PBXGroup;
			children = (
				5F05B9981E71537500D81D20 /* Repositories */,
				5F05B98C1E713E9A00D81D20 /* Factories */,
				5F64D7831E693EBE00308160 /* ViewModel */,
				5FA471FE1D7936FB008CA63C /* Model */,
				D0C90F4E1D6D489900D53A57 /* Info.plist */,
				5F787CB41E653F2D0069982A /* BirthdayHelperSpec.swift */,
			);
			path = BabyMomentTests;
			sourceTree = "<group>";
		};
		D0C90F571D6D48BF00D53A57 /* View */ = {
			isa = PBXGroup;
			children = (
				D0C90F3B1D6D489800D53A57 /* Main.storyboard */,
				D0C90F401D6D489800D53A57 /* LaunchScreen.storyboard */,
			);
			name = View;
			sourceTree = "<group>";
		};
		D0C90F581D6D48CA00D53A57 /* Config */ = {
			isa = PBXGroup;
			children = (
				D0C90F431D6D489800D53A57 /* Info.plist */,
			);
			name = Config;
			sourceTree = "<group>";
		};
		D0C90F591D6D48D300D53A57 /* Controller */ = {
			isa = PBXGroup;
			children = (
				D0C90F391D6D489800D53A57 /* ViewController.swift */,
				D0ADE0B71D6F24C50079AE3C /* ChooseGenderViewController.swift */,
				D0ADE0B91D6F25AA0079AE3C /* ChooseBirthdayViewController.swift */,
				D0ADE0BB1D6FE1580079AE3C /* InputNameViewController.swift */,
			);
			name = Controller;
			sourceTree = "<group>";
		};
		D0C90F5A1D6D48DC00D53A57 /* Assets */ = {
			isa = PBXGroup;
			children = (
				D0ADE05E1D6ED76F0079AE3C /* Images.xcassets */,
				D0C90F3E1D6D489800D53A57 /* Assets.xcassets */,
			);
			name = Assets;
			sourceTree = "<group>";
		};
		D0C90F5B1D6D720C00D53A57 /* Cell */ = {
			isa = PBXGroup;
			children = (
				D0C90F5C1D6D722400D53A57 /* SingleMomentCell.swift */,
			);
			name = Cell;
			sourceTree = "<group>";
		};
		D0C90F5E1D6D774B00D53A57 /* PhotoManager */ = {
			isa = PBXGroup;
			children = (
				D0C90F671D6D822300D53A57 /* Model */,
				D0C90F621D6D7D3F00D53A57 /* Cell */,
				D0C90F611D6D7D3300D53A57 /* ViewController */,
				D0C90F5F1D6D778700D53A57 /* XLPhotoManager.storyboard */,
			);
			name = PhotoManager;
			path = PhotoManger;
			sourceTree = "<group>";
		};
		D0C90F611D6D7D3300D53A57 /* ViewController */ = {
			isa = PBXGroup;
			children = (
				D0C90F651D6D7D9C00D53A57 /* XLAlbumViewController.swift */,
				D0ADE0531D6E92200079AE3C /* XLPhotoViewController.swift */,
			);
			name = ViewController;
			sourceTree = "<group>";
		};
		D0C90F621D6D7D3F00D53A57 /* Cell */ = {
			isa = PBXGroup;
			children = (
				D0C90F631D6D7D5E00D53A57 /* XLAlbumCell.swift */,
				D0ADE0551D6E94A20079AE3C /* XLPhotoCell.swift */,
				D0ADE0571D6E96F00079AE3C /* XLPhotoFooterView.swift */,
			);
			name = Cell;
			sourceTree = "<group>";
		};
		D0C90F671D6D822300D53A57 /* Model */ = {
			isa = PBXGroup;
			children = (
				D0C90F681D6D823600D53A57 /* XLAlbumItem.swift */,
			);
			name = Model;
			sourceTree = "<group>";
		};
/* End PBXGroup section */

/* Begin PBXNativeTarget section */
		D0C90F331D6D489800D53A57 /* BabyMoment */ = {
			isa = PBXNativeTarget;
			buildConfigurationList = D0C90F511D6D489900D53A57 /* Build configuration list for PBXNativeTarget "BabyMoment" */;
			buildPhases = (
				D0C90F301D6D489800D53A57 /* Sources */,
				D0C90F311D6D489800D53A57 /* Frameworks */,
				D0C90F321D6D489800D53A57 /* Resources */,
				D0ADE0631D6EDEDF0079AE3C /* ShellScript */,
				5F446C701E5BFB2700984F85 /* Integrate Reveal server */,
			);
			buildRules = (
			);
			dependencies = (
			);
			name = BabyMoment;
			productName = BabyMoment;
			productReference = D0C90F341D6D489800D53A57 /* BabyMoment.app */;
			productType = "com.apple.product-type.application";
		};
		D0C90F471D6D489900D53A57 /* BabyMomentTests */ = {
			isa = PBXNativeTarget;
			buildConfigurationList = D0C90F541D6D489900D53A57 /* Build configuration list for PBXNativeTarget "BabyMomentTests" */;
			buildPhases = (
				D0C90F441D6D489900D53A57 /* Sources */,
				D0C90F451D6D489900D53A57 /* Frameworks */,
				D0C90F461D6D489900D53A57 /* Resources */,
				5F787CAF1E651F8C0069982A /* Copy Files */,
			);
			buildRules = (
			);
			dependencies = (
				D0C90F4A1D6D489900D53A57 /* PBXTargetDependency */,
			);
			name = BabyMomentTests;
			productName = BabyMomentTests;
			productReference = D0C90F481D6D489900D53A57 /* BabyMomentTests.xctest */;
			productType = "com.apple.product-type.bundle.unit-test";
		};
/* End PBXNativeTarget section */

/* Begin PBXProject section */
		D0C90F2C1D6D489800D53A57 /* Project object */ = {
			isa = PBXProject;
			attributes = {
				LastSwiftUpdateCheck = 0730;
				LastUpgradeCheck = 0800;
				ORGANIZATIONNAME = kotlinchina;
				TargetAttributes = {
					D0C90F331D6D489800D53A57 = {
						CreatedOnToolsVersion = 7.3.1;
						DevelopmentTeam = C85KQG8PYQ;
						LastSwiftMigration = 0800;
					};
					D0C90F471D6D489900D53A57 = {
						CreatedOnToolsVersion = 7.3.1;
						LastSwiftMigration = 0800;
						TestTargetID = D0C90F331D6D489800D53A57;
					};
				};
			};
			buildConfigurationList = D0C90F2F1D6D489800D53A57 /* Build configuration list for PBXProject "BabyMoment" */;
			compatibilityVersion = "Xcode 3.2";
			developmentRegion = English;
			hasScannedForEncodings = 0;
			knownRegions = (
				en,
				Base,
			);
			mainGroup = D0C90F2B1D6D489800D53A57;
			productRefGroup = D0C90F351D6D489800D53A57 /* Products */;
			projectDirPath = "";
			projectRoot = "";
			targets = (
				D0C90F331D6D489800D53A57 /* BabyMoment */,
				D0C90F471D6D489900D53A57 /* BabyMomentTests */,
			);
		};
/* End PBXProject section */

/* Begin PBXResourcesBuildPhase section */
		D0C90F321D6D489800D53A57 /* Resources */ = {
			isa = PBXResourcesBuildPhase;
			buildActionMask = 2147483647;
			files = (
				D0C90F421D6D489800D53A57 /* LaunchScreen.storyboard in Resources */,
				937F2F0D1D747FBE00232E52 /* DateTools.bundle in Resources */,
				D0ADE05F1D6ED76F0079AE3C /* Images.xcassets in Resources */,
				D0ADE0B61D6EEC7F0079AE3C /* IQKeyboardManager.bundle in Resources */,
				D0C90F601D6D778700D53A57 /* XLPhotoManager.storyboard in Resources */,
				D0C90F3F1D6D489800D53A57 /* Assets.xcassets in Resources */,
				D0C90F3D1D6D489800D53A57 /* Main.storyboard in Resources */,
			);
			runOnlyForDeploymentPostprocessing = 0;
		};
		D0C90F461D6D489900D53A57 /* Resources */ = {
			isa = PBXResourcesBuildPhase;
			buildActionMask = 2147483647;
			files = (
			);
			runOnlyForDeploymentPostprocessing = 0;
		};
/* End PBXResourcesBuildPhase section */

/* Begin PBXShellScriptBuildPhase section */
		5F446C701E5BFB2700984F85 /* Integrate Reveal server */ = {
			isa = PBXShellScriptBuildPhase;
			buildActionMask = 2147483647;
			files = (
			);
			inputPaths = (
			);
			name = "Integrate Reveal server";
			outputPaths = (
			);
			runOnlyForDeploymentPostprocessing = 0;
			shellPath = /bin/sh;
			shellScript = "REVEAL_APP_PATH=$(mdfind kMDItemCFBundleIdentifier=\"com.ittybittyapps.Reveal2\" | head -n 1)\nBUILD_SCRIPT_PATH=\"${REVEAL_APP_PATH}/Contents/SharedSupport/Scripts/reveal_server_build_phase.sh\"\nif [ \"${REVEAL_APP_PATH}\" -a -e \"${BUILD_SCRIPT_PATH}\" ]; then\n\"${BUILD_SCRIPT_PATH}\"\nelse\necho \"Reveal Server not loaded: Cannot find a compatible Reveal app.\"\nfi";
		};
		D0ADE0631D6EDEDF0079AE3C /* ShellScript */ = {
			isa = PBXShellScriptBuildPhase;
			buildActionMask = 2147483647;
			files = (
			);
			inputPaths = (
				"$(SRCROOT)/Carthage/Build/iOS/HEXColor.framework",
				"$(SRCROOT)/Carthage/Build/iOS/DateTools.framework",
				"$(SRCROOT)/Carthage/Build/iOS/Realm.framework",
				"$(SRCROOT)/Carthage/Build/iOS/RealmSwift.framework",
			);
			outputPaths = (
			);
			runOnlyForDeploymentPostprocessing = 0;
			shellPath = /bin/sh;
			shellScript = "/usr/local/bin/carthage copy-frameworks";
		};
/* End PBXShellScriptBuildPhase section */

/* Begin PBXSourcesBuildPhase section */
		D0C90F301D6D489800D53A57 /* Sources */ = {
			isa = PBXSourcesBuildPhase;
			buildActionMask = 2147483647;
			files = (
				D0ADE0AF1D6EEC7F0079AE3C /* IQKeyboardReturnKeyHandler.swift in Sources */,
				D0C90F3A1D6D489800D53A57 /* ViewController.swift in Sources */,
				D0C90F641D6D7D5E00D53A57 /* XLAlbumCell.swift in Sources */,
				D0ADE0561D6E94A20079AE3C /* XLPhotoCell.swift in Sources */,
				D0ADE0541D6E92200079AE3C /* XLPhotoViewController.swift in Sources */,
				D0ADE0B11D6EEC7F0079AE3C /* IQBarButtonItem.swift in Sources */,
				D0ADE0BA1D6F25AA0079AE3C /* ChooseBirthdayViewController.swift in Sources */,
				D0ADE0AA1D6EEC7F0079AE3C /* IQUIViewController+Additions.swift in Sources */,
				D0ADE0B51D6EEC7F0079AE3C /* IQUIView+IQKeyboardToolbar.swift in Sources */,
				D0ADE0581D6E96F00079AE3C /* XLPhotoFooterView.swift in Sources */,
				D0C90F661D6D7D9C00D53A57 /* XLAlbumViewController.swift in Sources */,
				D0ADE0B81D6F24C50079AE3C /* ChooseGenderViewController.swift in Sources */,
				5F64D7821E693E9500308160 /* MomentViewModel.swift in Sources */,
				D0ADE0B41D6EEC7F0079AE3C /* IQToolbar.swift in Sources */,
				D0ADE0A61D6EEC7F0079AE3C /* IQNSArray+Sort.swift in Sources */,
				D0ADE0AC1D6EEC7F0079AE3C /* IQKeyboardManagerConstants.swift in Sources */,
				5F05B9911E7152C100D81D20 /* MomentRepositoryProtocol.swift in Sources */,
				D0C90F5D1D6D722400D53A57 /* SingleMomentCell.swift in Sources */,
				5F05B9921E7152C100D81D20 /* MomentsViewModel.swift in Sources */,
				D0C90F691D6D823600D53A57 /* XLAlbumItem.swift in Sources */,
				D0ADE0AD1D6EEC7F0079AE3C /* IQKeyboardManagerConstantsInternal.swift in Sources */,
				D0ADE0A71D6EEC7F0079AE3C /* IQUIScrollView+Additions.swift in Sources */,
				5F05B99C1E71543C00D81D20 /* MomentRepository.swift in Sources */,
				D0ADE0AB1D6EEC7F0079AE3C /* IQUIWindow+Hierarchy.swift in Sources */,
				D0ADE0AE1D6EEC7F0079AE3C /* IQKeyboardManager.swift in Sources */,
				D0ADE0A81D6EEC7F0079AE3C /* IQUITextFieldView+Additions.swift in Sources */,
				5FB288A91D7B107700DF386A /* Moment.swift in Sources */,
				D0ADE0BC1D6FE1580079AE3C /* InputNameViewController.swift in Sources */,
				D0ADE0B21D6EEC7F0079AE3C /* IQPreviousNextView.swift in Sources */,
				D0ADE0B01D6EEC7F0079AE3C /* IQTextView.swift in Sources */,
				5F66452D1D78730500E25CB1 /* BabyProfile.swift in Sources */,
				D0ADE0A91D6EEC7F0079AE3C /* IQUIView+Hierarchy.swift in Sources */,
				D0C90F381D6D489800D53A57 /* AppDelegate.swift in Sources */,
				D0ADE0B31D6EEC7F0079AE3C /* IQTitleBarButtonItem.swift in Sources */,
				5F0DD0F71D700A0900E63FF2 /* BirthdayHelper.swift in Sources */,
			);
			runOnlyForDeploymentPostprocessing = 0;
		};
		D0C90F441D6D489900D53A57 /* Sources */ = {
			isa = PBXSourcesBuildPhase;
			buildActionMask = 2147483647;
			files = (
				5F787CB71E654A3E0069982A /* BabyProfileSpec.swift in Sources */,
				5F05B9971E71530B00D81D20 /* MomentsViewModelSpec.swift in Sources */,
				5F64D7851E693ECF00308160 /* MomentViewModelSpec.swift in Sources */,
				5F05B98E1E713EAA00D81D20 /* MomentFactories.swift in Sources */,
				5F05B99A1E71539100D81D20 /* MomentRepositorySpec.swift in Sources */,
				5F787CB51E653F2D0069982A /* BirthdayHelperSpec.swift in Sources */,
			);
			runOnlyForDeploymentPostprocessing = 0;
		};
/* End PBXSourcesBuildPhase section */

/* Begin PBXTargetDependency section */
		D0C90F4A1D6D489900D53A57 /* PBXTargetDependency */ = {
			isa = PBXTargetDependency;
			target = D0C90F331D6D489800D53A57 /* BabyMoment */;
			targetProxy = D0C90F491D6D489900D53A57 /* PBXContainerItemProxy */;
		};
/* End PBXTargetDependency section */

/* Begin PBXVariantGroup section */
		D0C90F3B1D6D489800D53A57 /* Main.storyboard */ = {
			isa = PBXVariantGroup;
			children = (
				D0C90F3C1D6D489800D53A57 /* Base */,
			);
			name = Main.storyboard;
			sourceTree = "<group>";
		};
		D0C90F401D6D489800D53A57 /* LaunchScreen.storyboard */ = {
			isa = PBXVariantGroup;
			children = (
				D0C90F411D6D489800D53A57 /* Base */,
			);
			name = LaunchScreen.storyboard;
			sourceTree = "<group>";
		};
/* End PBXVariantGroup section */

/* Begin XCBuildConfiguration section */
		D0C90F4F1D6D489900D53A57 /* Debug */ = {
			isa = XCBuildConfiguration;
			buildSettings = {
				ALWAYS_SEARCH_USER_PATHS = NO;
				CLANG_ANALYZER_NONNULL = YES;
				CLANG_CXX_LANGUAGE_STANDARD = "gnu++0x";
				CLANG_CXX_LIBRARY = "libc++";
				CLANG_ENABLE_MODULES = YES;
				CLANG_ENABLE_OBJC_ARC = YES;
				CLANG_WARN_BOOL_CONVERSION = YES;
				CLANG_WARN_CONSTANT_CONVERSION = YES;
				CLANG_WARN_DIRECT_OBJC_ISA_USAGE = YES_ERROR;
				CLANG_WARN_EMPTY_BODY = YES;
				CLANG_WARN_ENUM_CONVERSION = YES;
				CLANG_WARN_INFINITE_RECURSION = YES;
				CLANG_WARN_INT_CONVERSION = YES;
				CLANG_WARN_OBJC_ROOT_CLASS = YES_ERROR;
				CLANG_WARN_SUSPICIOUS_MOVE = YES;
				CLANG_WARN_UNREACHABLE_CODE = YES;
				CLANG_WARN__DUPLICATE_METHOD_MATCH = YES;
				"CODE_SIGN_IDENTITY[sdk=iphoneos*]" = "iPhone Developer";
				COPY_PHASE_STRIP = NO;
				DEBUG_INFORMATION_FORMAT = dwarf;
				ENABLE_STRICT_OBJC_MSGSEND = YES;
				ENABLE_TESTABILITY = YES;
				GCC_C_LANGUAGE_STANDARD = gnu99;
				GCC_DYNAMIC_NO_PIC = NO;
				GCC_NO_COMMON_BLOCKS = YES;
				GCC_OPTIMIZATION_LEVEL = 0;
				GCC_PREPROCESSOR_DEFINITIONS = (
					"DEBUG=1",
					"$(inherited)",
				);
				GCC_WARN_64_TO_32_BIT_CONVERSION = YES;
				GCC_WARN_ABOUT_RETURN_TYPE = YES_ERROR;
				GCC_WARN_UNDECLARED_SELECTOR = YES;
				GCC_WARN_UNINITIALIZED_AUTOS = YES_AGGRESSIVE;
				GCC_WARN_UNUSED_FUNCTION = YES;
				GCC_WARN_UNUSED_VARIABLE = YES;
				IPHONEOS_DEPLOYMENT_TARGET = 9.3;
				MTL_ENABLE_DEBUG_INFO = YES;
				ONLY_ACTIVE_ARCH = YES;
				SDKROOT = iphoneos;
				SWIFT_OPTIMIZATION_LEVEL = "-Onone";
			};
			name = Debug;
		};
		D0C90F501D6D489900D53A57 /* Release */ = {
			isa = XCBuildConfiguration;
			buildSettings = {
				ALWAYS_SEARCH_USER_PATHS = NO;
				CLANG_ANALYZER_NONNULL = YES;
				CLANG_CXX_LANGUAGE_STANDARD = "gnu++0x";
				CLANG_CXX_LIBRARY = "libc++";
				CLANG_ENABLE_MODULES = YES;
				CLANG_ENABLE_OBJC_ARC = YES;
				CLANG_WARN_BOOL_CONVERSION = YES;
				CLANG_WARN_CONSTANT_CONVERSION = YES;
				CLANG_WARN_DIRECT_OBJC_ISA_USAGE = YES_ERROR;
				CLANG_WARN_EMPTY_BODY = YES;
				CLANG_WARN_ENUM_CONVERSION = YES;
				CLANG_WARN_INFINITE_RECURSION = YES;
				CLANG_WARN_INT_CONVERSION = YES;
				CLANG_WARN_OBJC_ROOT_CLASS = YES_ERROR;
				CLANG_WARN_SUSPICIOUS_MOVE = YES;
				CLANG_WARN_UNREACHABLE_CODE = YES;
				CLANG_WARN__DUPLICATE_METHOD_MATCH = YES;
				"CODE_SIGN_IDENTITY[sdk=iphoneos*]" = "iPhone Developer";
				COPY_PHASE_STRIP = NO;
				DEBUG_INFORMATION_FORMAT = "dwarf-with-dsym";
				ENABLE_NS_ASSERTIONS = NO;
				ENABLE_STRICT_OBJC_MSGSEND = YES;
				GCC_C_LANGUAGE_STANDARD = gnu99;
				GCC_NO_COMMON_BLOCKS = YES;
				GCC_WARN_64_TO_32_BIT_CONVERSION = YES;
				GCC_WARN_ABOUT_RETURN_TYPE = YES_ERROR;
				GCC_WARN_UNDECLARED_SELECTOR = YES;
				GCC_WARN_UNINITIALIZED_AUTOS = YES_AGGRESSIVE;
				GCC_WARN_UNUSED_FUNCTION = YES;
				GCC_WARN_UNUSED_VARIABLE = YES;
				IPHONEOS_DEPLOYMENT_TARGET = 9.3;
				MTL_ENABLE_DEBUG_INFO = NO;
				SDKROOT = iphoneos;
				SWIFT_OPTIMIZATION_LEVEL = "-Owholemodule";
				VALIDATE_PRODUCT = YES;
			};
			name = Release;
		};
		D0C90F521D6D489900D53A57 /* Debug */ = {
			isa = XCBuildConfiguration;
			buildSettings = {
				ASSETCATALOG_COMPILER_APPICON_NAME = AppIcon;
				ASSETCATALOG_COMPILER_LAUNCHIMAGE_NAME = "Brand Assets";
				CODE_SIGN_IDENTITY = "iPhone Developer";
				"CODE_SIGN_IDENTITY[sdk=iphoneos*]" = "iPhone Developer";
				FRAMEWORK_SEARCH_PATHS = (
					"$(inherited)",
					"$(PROJECT_DIR)/Carthage/Build/iOS",
				);
				INFOPLIST_FILE = BabyMoment/Info.plist;
				IPHONEOS_DEPLOYMENT_TARGET = 9.0;
				LD_RUNPATH_SEARCH_PATHS = "$(inherited) @executable_path/Frameworks @loader_path/Frameworks";
				PRODUCT_BUNDLE_IDENTIFIER = com.tw.dev.BabyMoment;
				PRODUCT_NAME = "$(TARGET_NAME)";
				PROVISIONING_PROFILE = "";
				SWIFT_VERSION = 2.3;
			};
			name = Debug;
		};
		D0C90F531D6D489900D53A57 /* Release */ = {
			isa = XCBuildConfiguration;
			buildSettings = {
				ASSETCATALOG_COMPILER_APPICON_NAME = AppIcon;
				ASSETCATALOG_COMPILER_LAUNCHIMAGE_NAME = "Brand Assets";
				CODE_SIGN_IDENTITY = "iPhone Developer";
				"CODE_SIGN_IDENTITY[sdk=iphoneos*]" = "iPhone Developer";
				FRAMEWORK_SEARCH_PATHS = (
					"$(inherited)",
					"$(PROJECT_DIR)/Carthage/Build/iOS",
				);
				INFOPLIST_FILE = BabyMoment/Info.plist;
				IPHONEOS_DEPLOYMENT_TARGET = 9.0;
				LD_RUNPATH_SEARCH_PATHS = "$(inherited) @executable_path/Frameworks @loader_path/Frameworks";
				PRODUCT_BUNDLE_IDENTIFIER = com.tw.dev.BabyMoment;
				PRODUCT_NAME = "$(TARGET_NAME)";
				PROVISIONING_PROFILE = "";
				SWIFT_VERSION = 2.3;
			};
			name = Release;
		};
		D0C90F551D6D489900D53A57 /* Debug */ = {
			isa = XCBuildConfiguration;
			buildSettings = {
				BUNDLE_LOADER = "$(TEST_HOST)";
				FRAMEWORK_SEARCH_PATHS = (
					"$(inherited)",
					"$(PROJECT_DIR)/Carthage/Build/iOS",
				);
				INFOPLIST_FILE = BabyMomentTests/Info.plist;
				LD_RUNPATH_SEARCH_PATHS = "$(inherited) @executable_path/Frameworks @loader_path/Frameworks";
				PRODUCT_BUNDLE_IDENTIFIER = com.kotlinchina.BabyMomentTests;
				PRODUCT_NAME = "$(TARGET_NAME)";
				SWIFT_VERSION = 2.3;
				TEST_HOST = "$(BUILT_PRODUCTS_DIR)/BabyMoment.app/BabyMoment";
			};
			name = Debug;
		};
		D0C90F561D6D489900D53A57 /* Release */ = {
			isa = XCBuildConfiguration;
			buildSettings = {
				BUNDLE_LOADER = "$(TEST_HOST)";
				FRAMEWORK_SEARCH_PATHS = (
					"$(inherited)",
					"$(PROJECT_DIR)/Carthage/Build/iOS",
				);
				INFOPLIST_FILE = BabyMomentTests/Info.plist;
				LD_RUNPATH_SEARCH_PATHS = "$(inherited) @executable_path/Frameworks @loader_path/Frameworks";
				PRODUCT_BUNDLE_IDENTIFIER = com.kotlinchina.BabyMomentTests;
				PRODUCT_NAME = "$(TARGET_NAME)";
				SWIFT_VERSION = 2.3;
				TEST_HOST = "$(BUILT_PRODUCTS_DIR)/BabyMoment.app/BabyMoment";
			};
			name = Release;
		};
/* End XCBuildConfiguration section */

/* Begin XCConfigurationList section */
		D0C90F2F1D6D489800D53A57 /* Build configuration list for PBXProject "BabyMoment" */ = {
			isa = XCConfigurationList;
			buildConfigurations = (
				D0C90F4F1D6D489900D53A57 /* Debug */,
				D0C90F501D6D489900D53A57 /* Release */,
			);
			defaultConfigurationIsVisible = 0;
			defaultConfigurationName = Release;
		};
		D0C90F511D6D489900D53A57 /* Build configuration list for PBXNativeTarget "BabyMoment" */ = {
			isa = XCConfigurationList;
			buildConfigurations = (
				D0C90F521D6D489900D53A57 /* Debug */,
				D0C90F531D6D489900D53A57 /* Release */,
			);
			defaultConfigurationIsVisible = 0;
			defaultConfigurationName = Release;
		};
		D0C90F541D6D489900D53A57 /* Build configuration list for PBXNativeTarget "BabyMomentTests" */ = {
			isa = XCConfigurationList;
			buildConfigurations = (
				D0C90F551D6D489900D53A57 /* Debug */,
				D0C90F561D6D489900D53A57 /* Release */,
			);
			defaultConfigurationIsVisible = 0;
			defaultConfigurationName = Release;
		};
/* End XCConfigurationList section */
	};
	rootObject = D0C90F2C1D6D489800D53A57 /* Project object */;
}
